// !$*UTF8*$!
{
	archiveVersion = 1;
	classes = {
	};
	objectVersion = 50;
	objects = {

/* Begin PBXBuildFile section */
		CBB69BD42150616800BBCCC2 /* MicrobitScratchKit.h in Headers */ = {isa = PBXBuildFile; fileRef = CBB69BD22150616800BBCCC2 /* MicrobitScratchKit.h */; settings = {ATTRIBUTES = (Public, ); }; };
		CBB69BDE2150618100BBCCC2 /* Microbit.swift in Sources */ = {isa = PBXBuildFile; fileRef = CBB69BDA2150618000BBCCC2 /* Microbit.swift */; };
		CBB69BDF2150618100BBCCC2 /* Gesture.swift in Sources */ = {isa = PBXBuildFile; fileRef = CBB69BDB2150618100BBCCC2 /* Gesture.swift */; };
		CBB69BE02150618100BBCCC2 /* Command.swift in Sources */ = {isa = PBXBuildFile; fileRef = CBB69BDC2150618100BBCCC2 /* Command.swift */; };
		CBB69BE12150618100BBCCC2 /* Button.swift in Sources */ = {isa = PBXBuildFile; fileRef = CBB69BDD2150618100BBCCC2 /* Button.swift */; };
		CBB69BE9215061C300BBCCC2 /* AppDelegate.swift in Sources */ = {isa = PBXBuildFile; fileRef = CBB69BE8215061C300BBCCC2 /* AppDelegate.swift */; };
		CBB69BEB215061C300BBCCC2 /* ViewController.swift in Sources */ = {isa = PBXBuildFile; fileRef = CBB69BEA215061C300BBCCC2 /* ViewController.swift */; };
		CBB69BEE215061C300BBCCC2 /* Main.storyboard in Resources */ = {isa = PBXBuildFile; fileRef = CBB69BEC215061C300BBCCC2 /* Main.storyboard */; };
		CBB69BF0215061C500BBCCC2 /* Assets.xcassets in Resources */ = {isa = PBXBuildFile; fileRef = CBB69BEF215061C500BBCCC2 /* Assets.xcassets */; };
		CBB69BF3215061C500BBCCC2 /* LaunchScreen.storyboard in Resources */ = {isa = PBXBuildFile; fileRef = CBB69BF1215061C500BBCCC2 /* LaunchScreen.storyboard */; };
		CBB69BF82150626C00BBCCC2 /* MicrobitScratchKit.framework in Frameworks */ = {isa = PBXBuildFile; fileRef = CBB69BCF2150616800BBCCC2 /* MicrobitScratchKit.framework */; };
		CBB69BF92150626C00BBCCC2 /* MicrobitScratchKit.framework in Embed Frameworks */ = {isa = PBXBuildFile; fileRef = CBB69BCF2150616800BBCCC2 /* MicrobitScratchKit.framework */; settings = {ATTRIBUTES = (CodeSignOnCopy, RemoveHeadersOnCopy, ); }; };
/* End PBXBuildFile section */

/* Begin PBXContainerItemProxy section */
		CBB69BFA2150626C00BBCCC2 /* PBXContainerItemProxy */ = {
			isa = PBXContainerItemProxy;
			containerPortal = CBB69BC62150616700BBCCC2 /* Project object */;
			proxyType = 1;
			remoteGlobalIDString = CBB69BCE2150616800BBCCC2;
			remoteInfo = MicrobitScratchKit;
		};
/* End PBXContainerItemProxy section */

/* Begin PBXCopyFilesBuildPhase section */
		CBB69BFC2150626C00BBCCC2 /* Embed Frameworks */ = {
			isa = PBXCopyFilesBuildPhase;
			buildActionMask = 2147483647;
			dstPath = "";
			dstSubfolderSpec = 10;
			files = (
				CBB69BF92150626C00BBCCC2 /* MicrobitScratchKit.framework in Embed Frameworks */,
			);
			name = "Embed Frameworks";
			runOnlyForDeploymentPostprocessing = 0;
		};
/* End PBXCopyFilesBuildPhase section */

/* Begin PBXFileReference section */
		CBB69BCF2150616800BBCCC2 /* MicrobitScratchKit.framework */ = {isa = PBXFileReference; explicitFileType = wrapper.framework; includeInIndex = 0; path = MicrobitScratchKit.framework; sourceTree = BUILT_PRODUCTS_DIR; };
		CBB69BD22150616800BBCCC2 /* MicrobitScratchKit.h */ = {isa = PBXFileReference; lastKnownFileType = sourcecode.c.h; path = MicrobitScratchKit.h; sourceTree = "<group>"; };
		CBB69BD32150616800BBCCC2 /* Info.plist */ = {isa = PBXFileReference; lastKnownFileType = text.plist.xml; path = Info.plist; sourceTree = "<group>"; };
		CBB69BDA2150618000BBCCC2 /* Microbit.swift */ = {isa = PBXFileReference; fileEncoding = 4; lastKnownFileType = sourcecode.swift; path = Microbit.swift; sourceTree = "<group>"; };
		CBB69BDB2150618100BBCCC2 /* Gesture.swift */ = {isa = PBXFileReference; fileEncoding = 4; lastKnownFileType = sourcecode.swift; path = Gesture.swift; sourceTree = "<group>"; };
		CBB69BDC2150618100BBCCC2 /* Command.swift */ = {isa = PBXFileReference; fileEncoding = 4; lastKnownFileType = sourcecode.swift; path = Command.swift; sourceTree = "<group>"; };
		CBB69BDD2150618100BBCCC2 /* Button.swift */ = {isa = PBXFileReference; fileEncoding = 4; lastKnownFileType = sourcecode.swift; path = Button.swift; sourceTree = "<group>"; };
		CBB69BE6215061C300BBCCC2 /* iOS Demo.app */ = {isa = PBXFileReference; explicitFileType = wrapper.application; includeInIndex = 0; path = "iOS Demo.app"; sourceTree = BUILT_PRODUCTS_DIR; };
		CBB69BE8215061C300BBCCC2 /* AppDelegate.swift */ = {isa = PBXFileReference; lastKnownFileType = sourcecode.swift; path = AppDelegate.swift; sourceTree = "<group>"; };
		CBB69BEA215061C300BBCCC2 /* ViewController.swift */ = {isa = PBXFileReference; lastKnownFileType = sourcecode.swift; path = ViewController.swift; sourceTree = "<group>"; };
		CBB69BED215061C300BBCCC2 /* Base */ = {isa = PBXFileReference; lastKnownFileType = file.storyboard; name = Base; path = Base.lproj/Main.storyboard; sourceTree = "<group>"; };
		CBB69BEF215061C500BBCCC2 /* Assets.xcassets */ = {isa = PBXFileReference; lastKnownFileType = folder.assetcatalog; path = Assets.xcassets; sourceTree = "<group>"; };
		CBB69BF2215061C500BBCCC2 /* Base */ = {isa = PBXFileReference; lastKnownFileType = file.storyboard; name = Base; path = Base.lproj/LaunchScreen.storyboard; sourceTree = "<group>"; };
		CBB69BF4215061C500BBCCC2 /* Info.plist */ = {isa = PBXFileReference; lastKnownFileType = text.plist.xml; path = Info.plist; sourceTree = "<group>"; };
/* End PBXFileReference section */

/* Begin PBXFrameworksBuildPhase section */
		CBB69BCB2150616800BBCCC2 /* Frameworks */ = {
			isa = PBXFrameworksBuildPhase;
			buildActionMask = 2147483647;
			files = (
			);
			runOnlyForDeploymentPostprocessing = 0;
		};
		CBB69BE3215061C300BBCCC2 /* Frameworks */ = {
			isa = PBXFrameworksBuildPhase;
			buildActionMask = 2147483647;
			files = (
				CBB69BF82150626C00BBCCC2 /* MicrobitScratchKit.framework in Frameworks */,
			);
			runOnlyForDeploymentPostprocessing = 0;
		};
/* End PBXFrameworksBuildPhase section */

/* Begin PBXGroup section */
		CBB69BC52150616700BBCCC2 = {
			isa = PBXGroup;
			children = (
				CBB69BD12150616800BBCCC2 /* MicrobitScratchKit */,
				CBB69BE7215061C300BBCCC2 /* iOS Demo */,
				CBB69BD02150616800BBCCC2 /* Products */,
			);
			sourceTree = "<group>";
		};
		CBB69BD02150616800BBCCC2 /* Products */ = {
			isa = PBXGroup;
			children = (
				CBB69BCF2150616800BBCCC2 /* MicrobitScratchKit.framework */,
				CBB69BE6215061C300BBCCC2 /* iOS Demo.app */,
			);
			name = Products;
			sourceTree = "<group>";
		};
		CBB69BD12150616800BBCCC2 /* MicrobitScratchKit */ = {
			isa = PBXGroup;
			children = (
				CBB69BDD2150618100BBCCC2 /* Button.swift */,
				CBB69BDC2150618100BBCCC2 /* Command.swift */,
				CBB69BDB2150618100BBCCC2 /* Gesture.swift */,
				CBB69BDA2150618000BBCCC2 /* Microbit.swift */,
				CBB69BD22150616800BBCCC2 /* MicrobitScratchKit.h */,
				CBB69BD32150616800BBCCC2 /* Info.plist */,
			);
			path = MicrobitScratchKit;
			sourceTree = "<group>";
		};
		CBB69BE7215061C300BBCCC2 /* iOS Demo */ = {
			isa = PBXGroup;
			children = (
				CBB69BE8215061C300BBCCC2 /* AppDelegate.swift */,
				CBB69BEA215061C300BBCCC2 /* ViewController.swift */,
				CBB69BEC215061C300BBCCC2 /* Main.storyboard */,
				CBB69BEF215061C500BBCCC2 /* Assets.xcassets */,
				CBB69BF1215061C500BBCCC2 /* LaunchScreen.storyboard */,
				CBB69BF4215061C500BBCCC2 /* Info.plist */,
			);
			path = "iOS Demo";
			sourceTree = "<group>";
		};
/* End PBXGroup section */

/* Begin PBXHeadersBuildPhase section */
		CBB69BCC2150616800BBCCC2 /* Headers */ = {
			isa = PBXHeadersBuildPhase;
			buildActionMask = 2147483647;
			files = (
				CBB69BD42150616800BBCCC2 /* MicrobitScratchKit.h in Headers */,
			);
			runOnlyForDeploymentPostprocessing = 0;
		};
/* End PBXHeadersBuildPhase section */

/* Begin PBXNativeTarget section */
		CBB69BCE2150616800BBCCC2 /* MicrobitScratchKit */ = {
			isa = PBXNativeTarget;
			buildConfigurationList = CBB69BD72150616800BBCCC2 /* Build configuration list for PBXNativeTarget "MicrobitScratchKit" */;
			buildPhases = (
				CBB69BCA2150616800BBCCC2 /* Sources */,
				CBB69BCB2150616800BBCCC2 /* Frameworks */,
				CBB69BCC2150616800BBCCC2 /* Headers */,
				CBB69BCD2150616800BBCCC2 /* Resources */,
			);
			buildRules = (
			);
			dependencies = (
			);
			name = MicrobitScratchKit;
			productName = MicrobitScratchKit;
			productReference = CBB69BCF2150616800BBCCC2 /* MicrobitScratchKit.framework */;
			productType = "com.apple.product-type.framework";
		};
		CBB69BE5215061C300BBCCC2 /* iOS Demo */ = {
			isa = PBXNativeTarget;
			buildConfigurationList = CBB69BF5215061C500BBCCC2 /* Build configuration list for PBXNativeTarget "iOS Demo" */;
			buildPhases = (
				CBB69BE2215061C300BBCCC2 /* Sources */,
				CBB69BE3215061C300BBCCC2 /* Frameworks */,
				CBB69BE4215061C300BBCCC2 /* Resources */,
				CBB69BFC2150626C00BBCCC2 /* Embed Frameworks */,
			);
			buildRules = (
			);
			dependencies = (
				CBB69BFB2150626C00BBCCC2 /* PBXTargetDependency */,
			);
			name = "iOS Demo";
			productName = "iOS Demo";
			productReference = CBB69BE6215061C300BBCCC2 /* iOS Demo.app */;
			productType = "com.apple.product-type.application";
		};
/* End PBXNativeTarget section */

/* Begin PBXProject section */
		CBB69BC62150616700BBCCC2 /* Project object */ = {
			isa = PBXProject;
			attributes = {
				LastSwiftUpdateCheck = 0940;
				LastUpgradeCheck = 0940;
				ORGANIZATIONNAME = bricklife.com;
				TargetAttributes = {
					CBB69BCE2150616800BBCCC2 = {
						CreatedOnToolsVersion = 9.4.1;
						LastSwiftMigration = 0940;
					};
					CBB69BE5215061C300BBCCC2 = {
						CreatedOnToolsVersion = 9.4.1;
					};
				};
			};
			buildConfigurationList = CBB69BC92150616700BBCCC2 /* Build configuration list for PBXProject "MicrobitScratchKit" */;
			compatibilityVersion = "Xcode 9.3";
			developmentRegion = en;
			hasScannedForEncodings = 0;
			knownRegions = (
				en,
				Base,
			);
			mainGroup = CBB69BC52150616700BBCCC2;
			productRefGroup = CBB69BD02150616800BBCCC2 /* Products */;
			projectDirPath = "";
			projectRoot = "";
			targets = (
				CBB69BCE2150616800BBCCC2 /* MicrobitScratchKit */,
				CBB69BE5215061C300BBCCC2 /* iOS Demo */,
			);
		};
/* End PBXProject section */

/* Begin PBXResourcesBuildPhase section */
		CBB69BCD2150616800BBCCC2 /* Resources */ = {
			isa = PBXResourcesBuildPhase;
			buildActionMask = 2147483647;
			files = (
			);
			runOnlyForDeploymentPostprocessing = 0;
		};
		CBB69BE4215061C300BBCCC2 /* Resources */ = {
			isa = PBXResourcesBuildPhase;
			buildActionMask = 2147483647;
			files = (
				CBB69BF3215061C500BBCCC2 /* LaunchScreen.storyboard in Resources */,
				CBB69BF0215061C500BBCCC2 /* Assets.xcassets in Resources */,
				CBB69BEE215061C300BBCCC2 /* Main.storyboard in Resources */,
			);
			runOnlyForDeploymentPostprocessing = 0;
		};
/* End PBXResourcesBuildPhase section */

/* Begin PBXSourcesBuildPhase section */
		CBB69BCA2150616800BBCCC2 /* Sources */ = {
			isa = PBXSourcesBuildPhase;
			buildActionMask = 2147483647;
			files = (
				CBB69BDE2150618100BBCCC2 /* Microbit.swift in Sources */,
				CBB69BDF2150618100BBCCC2 /* Gesture.swift in Sources */,
				CBB69BE02150618100BBCCC2 /* Command.swift in Sources */,
				CBB69BE12150618100BBCCC2 /* Button.swift in Sources */,
			);
			runOnlyForDeploymentPostprocessing = 0;
		};
		CBB69BE2215061C300BBCCC2 /* Sources */ = {
			isa = PBXSourcesBuildPhase;
			buildActionMask = 2147483647;
			files = (
				CBB69BEB215061C300BBCCC2 /* ViewController.swift in Sources */,
				CBB69BE9215061C300BBCCC2 /* AppDelegate.swift in Sources */,
			);
			runOnlyForDeploymentPostprocessing = 0;
		};
/* End PBXSourcesBuildPhase section */

/* Begin PBXTargetDependency section */
		CBB69BFB2150626C00BBCCC2 /* PBXTargetDependency */ = {
			isa = PBXTargetDependency;
			target = CBB69BCE2150616800BBCCC2 /* MicrobitScratchKit */;
			targetProxy = CBB69BFA2150626C00BBCCC2 /* PBXContainerItemProxy */;
		};
/* End PBXTargetDependency section */

/* Begin PBXVariantGroup section */
		CBB69BEC215061C300BBCCC2 /* Main.storyboard */ = {
			isa = PBXVariantGroup;
			children = (
				CBB69BED215061C300BBCCC2 /* Base */,
			);
			name = Main.storyboard;
			sourceTree = "<group>";
		};
		CBB69BF1215061C500BBCCC2 /* LaunchScreen.storyboard */ = {
			isa = PBXVariantGroup;
			children = (
				CBB69BF2215061C500BBCCC2 /* Base */,
			);
			name = LaunchScreen.storyboard;
			sourceTree = "<group>";
		};
/* End PBXVariantGroup section */

/* Begin XCBuildConfiguration section */
		CBB69BD52150616800BBCCC2 /* Debug */ = {
			isa = XCBuildConfiguration;
			buildSettings = {
				ALWAYS_SEARCH_USER_PATHS = NO;
				CLANG_ANALYZER_NONNULL = YES;
				CLANG_ANALYZER_NUMBER_OBJECT_CONVERSION = YES_AGGRESSIVE;
				CLANG_CXX_LANGUAGE_STANDARD = "gnu++14";
				CLANG_CXX_LIBRARY = "libc++";
				CLANG_ENABLE_MODULES = YES;
				CLANG_ENABLE_OBJC_ARC = YES;
				CLANG_ENABLE_OBJC_WEAK = YES;
				CLANG_WARN_BLOCK_CAPTURE_AUTORELEASING = YES;
				CLANG_WARN_BOOL_CONVERSION = YES;
				CLANG_WARN_COMMA = YES;
				CLANG_WARN_CONSTANT_CONVERSION = YES;
				CLANG_WARN_DEPRECATED_OBJC_IMPLEMENTATIONS = YES;
				CLANG_WARN_DIRECT_OBJC_ISA_USAGE = YES_ERROR;
				CLANG_WARN_DOCUMENTATION_COMMENTS = YES;
				CLANG_WARN_EMPTY_BODY = YES;
				CLANG_WARN_ENUM_CONVERSION = YES;
				CLANG_WARN_INFINITE_RECURSION = YES;
				CLANG_WARN_INT_CONVERSION = YES;
				CLANG_WARN_NON_LITERAL_NULL_CONVERSION = YES;
				CLANG_WARN_OBJC_IMPLICIT_RETAIN_SELF = YES;
				CLANG_WARN_OBJC_LITERAL_CONVERSION = YES;
				CLANG_WARN_OBJC_ROOT_CLASS = YES_ERROR;
				CLANG_WARN_RANGE_LOOP_ANALYSIS = YES;
				CLANG_WARN_STRICT_PROTOTYPES = YES;
				CLANG_WARN_SUSPICIOUS_MOVE = YES;
				CLANG_WARN_UNGUARDED_AVAILABILITY = YES_AGGRESSIVE;
				CLANG_WARN_UNREACHABLE_CODE = YES;
				CLANG_WARN__DUPLICATE_METHOD_MATCH = YES;
				CODE_SIGN_IDENTITY = "iPhone Developer";
				COPY_PHASE_STRIP = NO;
				CURRENT_PROJECT_VERSION = 1;
				DEBUG_INFORMATION_FORMAT = dwarf;
				ENABLE_STRICT_OBJC_MSGSEND = YES;
				ENABLE_TESTABILITY = YES;
				GCC_C_LANGUAGE_STANDARD = gnu11;
				GCC_DYNAMIC_NO_PIC = NO;
				GCC_NO_COMMON_BLOCKS = YES;
				GCC_OPTIMIZATION_LEVEL = 0;
				GCC_PREPROCESSOR_DEFINITIONS = (
					"DEBUG=1",
					"$(inherited)",
				);
				GCC_WARN_64_TO_32_BIT_CONVERSION = YES;
				GCC_WARN_ABOUT_RETURN_TYPE = YES_ERROR;
				GCC_WARN_UNDECLARED_SELECTOR = YES;
				GCC_WARN_UNINITIALIZED_AUTOS = YES_AGGRESSIVE;
				GCC_WARN_UNUSED_FUNCTION = YES;
				GCC_WARN_UNUSED_VARIABLE = YES;
				IPHONEOS_DEPLOYMENT_TARGET = 11.4;
				MTL_ENABLE_DEBUG_INFO = YES;
				ONLY_ACTIVE_ARCH = YES;
				SDKROOT = iphoneos;
				SWIFT_ACTIVE_COMPILATION_CONDITIONS = DEBUG;
				SWIFT_OPTIMIZATION_LEVEL = "-Onone";
				VERSIONING_SYSTEM = "apple-generic";
				VERSION_INFO_PREFIX = "";
			};
			name = Debug;
		};
		CBB69BD62150616800BBCCC2 /* Release */ = {
			isa = XCBuildConfiguration;
			buildSettings = {
				ALWAYS_SEARCH_USER_PATHS = NO;
				CLANG_ANALYZER_NONNULL = YES;
				CLANG_ANALYZER_NUMBER_OBJECT_CONVERSION = YES_AGGRESSIVE;
				CLANG_CXX_LANGUAGE_STANDARD = "gnu++14";
				CLANG_CXX_LIBRARY = "libc++";
				CLANG_ENABLE_MODULES = YES;
				CLANG_ENABLE_OBJC_ARC = YES;
				CLANG_ENABLE_OBJC_WEAK = YES;
				CLANG_WARN_BLOCK_CAPTURE_AUTORELEASING = YES;
				CLANG_WARN_BOOL_CONVERSION = YES;
				CLANG_WARN_COMMA = YES;
				CLANG_WARN_CONSTANT_CONVERSION = YES;
				CLANG_WARN_DEPRECATED_OBJC_IMPLEMENTATIONS = YES;
				CLANG_WARN_DIRECT_OBJC_ISA_USAGE = YES_ERROR;
				CLANG_WARN_DOCUMENTATION_COMMENTS = YES;
				CLANG_WARN_EMPTY_BODY = YES;
				CLANG_WARN_ENUM_CONVERSION = YES;
				CLANG_WARN_INFINITE_RECURSION = YES;
				CLANG_WARN_INT_CONVERSION = YES;
				CLANG_WARN_NON_LITERAL_NULL_CONVERSION = YES;
				CLANG_WARN_OBJC_IMPLICIT_RETAIN_SELF = YES;
				CLANG_WARN_OBJC_LITERAL_CONVERSION = YES;
				CLANG_WARN_OBJC_ROOT_CLASS = YES_ERROR;
				CLANG_WARN_RANGE_LOOP_ANALYSIS = YES;
				CLANG_WARN_STRICT_PROTOTYPES = YES;
				CLANG_WARN_SUSPICIOUS_MOVE = YES;
				CLANG_WARN_UNGUARDED_AVAILABILITY = YES_AGGRESSIVE;
				CLANG_WARN_UNREACHABLE_CODE = YES;
				CLANG_WARN__DUPLICATE_METHOD_MATCH = YES;
				CODE_SIGN_IDENTITY = "iPhone Developer";
				COPY_PHASE_STRIP = NO;
				CURRENT_PROJECT_VERSION = 1;
				DEBUG_INFORMATION_FORMAT = "dwarf-with-dsym";
				ENABLE_NS_ASSERTIONS = NO;
				ENABLE_STRICT_OBJC_MSGSEND = YES;
				GCC_C_LANGUAGE_STANDARD = gnu11;
				GCC_NO_COMMON_BLOCKS = YES;
				GCC_WARN_64_TO_32_BIT_CONVERSION = YES;
				GCC_WARN_ABOUT_RETURN_TYPE = YES_ERROR;
				GCC_WARN_UNDECLARED_SELECTOR = YES;
				GCC_WARN_UNINITIALIZED_AUTOS = YES_AGGRESSIVE;
				GCC_WARN_UNUSED_FUNCTION = YES;
				GCC_WARN_UNUSED_VARIABLE = YES;
				IPHONEOS_DEPLOYMENT_TARGET = 11.4;
				MTL_ENABLE_DEBUG_INFO = NO;
				SDKROOT = iphoneos;
				SWIFT_COMPILATION_MODE = wholemodule;
				SWIFT_OPTIMIZATION_LEVEL = "-O";
				VALIDATE_PRODUCT = YES;
				VERSIONING_SYSTEM = "apple-generic";
				VERSION_INFO_PREFIX = "";
			};
			name = Release;
		};
		CBB69BD82150616800BBCCC2 /* Debug */ = {
			isa = XCBuildConfiguration;
			buildSettings = {
				CLANG_ENABLE_MODULES = YES;
				CODE_SIGN_IDENTITY = "";
				CODE_SIGN_STYLE = Automatic;
				DEFINES_MODULE = YES;
				DEVELOPMENT_TEAM = UV6TAX3ANB;
				DYLIB_COMPATIBILITY_VERSION = 1;
				DYLIB_CURRENT_VERSION = 1;
				DYLIB_INSTALL_NAME_BASE = "@rpath";
				INFOPLIST_FILE = MicrobitScratchKit/Info.plist;
				INSTALL_PATH = "$(LOCAL_LIBRARY_DIR)/Frameworks";
				IPHONEOS_DEPLOYMENT_TARGET = 10.0;
				LD_RUNPATH_SEARCH_PATHS = (
					"$(inherited)",
					"@executable_path/Frameworks",
					"@loader_path/Frameworks",
				);
				PRODUCT_BUNDLE_IDENTIFIER = com.bricklife.MicrobitScratchKit;
				PRODUCT_NAME = "$(TARGET_NAME:c99extidentifier)";
				SKIP_INSTALL = YES;
				SWIFT_OPTIMIZATION_LEVEL = "-Onone";
				SWIFT_VERSION = 4.0;
				TARGETED_DEVICE_FAMILY = "1,2";
			};
			name = Debug;
		};
		CBB69BD92150616800BBCCC2 /* Release */ = {
			isa = XCBuildConfiguration;
			buildSettings = {
				CLANG_ENABLE_MODULES = YES;
				CODE_SIGN_IDENTITY = "";
				CODE_SIGN_STYLE = Automatic;
				DEFINES_MODULE = YES;
				DEVELOPMENT_TEAM = UV6TAX3ANB;
				DYLIB_COMPATIBILITY_VERSION = 1;
				DYLIB_CURRENT_VERSION = 1;
				DYLIB_INSTALL_NAME_BASE = "@rpath";
				INFOPLIST_FILE = MicrobitScratchKit/Info.plist;
				INSTALL_PATH = "$(LOCAL_LIBRARY_DIR)/Frameworks";
				IPHONEOS_DEPLOYMENT_TARGET = 10.0;
				LD_RUNPATH_SEARCH_PATHS = (
					"$(inherited)",
					"@executable_path/Frameworks",
					"@loader_path/Frameworks",
				);
				PRODUCT_BUNDLE_IDENTIFIER = com.bricklife.MicrobitScratchKit;
				PRODUCT_NAME = "$(TARGET_NAME:c99extidentifier)";
				SKIP_INSTALL = YES;
				SWIFT_VERSION = 4.0;
				TARGETED_DEVICE_FAMILY = "1,2";
			};
			name = Release;
		};
		CBB69BF6215061C500BBCCC2 /* Debug */ = {
			isa = XCBuildConfiguration;
			buildSettings = {
				ALWAYS_EMBED_SWIFT_STANDARD_LIBRARIES = YES;
				ASSETCATALOG_COMPILER_APPICON_NAME = AppIcon;
				CODE_SIGN_STYLE = Automatic;
				DEVELOPMENT_TEAM = UV6TAX3ANB;
				INFOPLIST_FILE = "iOS Demo/Info.plist";
				IPHONEOS_DEPLOYMENT_TARGET = 10.0;
				LD_RUNPATH_SEARCH_PATHS = (
					"$(inherited)",
					"@executable_path/Frameworks",
				);
				PRODUCT_BUNDLE_IDENTIFIER = "com.bricklife.MicrobitScratchKit.ios.iOS-Demo";
				PRODUCT_NAME = "$(TARGET_NAME)";
				SWIFT_VERSION = 4.0;
				TARGETED_DEVICE_FAMILY = "1,2";
			};
			name = Debug;
		};
		CBB69BF7215061C500BBCCC2 /* Release */ = {
			isa = XCBuildConfiguration;
			buildSettings = {
				ALWAYS_EMBED_SWIFT_STANDARD_LIBRARIES = YES;
				ASSETCATALOG_COMPILER_APPICON_NAME = AppIcon;
				CODE_SIGN_STYLE = Automatic;
				DEVELOPMENT_TEAM = UV6TAX3ANB;
				INFOPLIST_FILE = "iOS Demo/Info.plist";
				IPHONEOS_DEPLOYMENT_TARGET = 10.0;
				LD_RUNPATH_SEARCH_PATHS = (
					"$(inherited)",
					"@executable_path/Frameworks",
				);
				PRODUCT_BUNDLE_IDENTIFIER = "com.bricklife.MicrobitScratchKit.ios.iOS-Demo";
				PRODUCT_NAME = "$(TARGET_NAME)";
				SWIFT_VERSION = 4.0;
				TARGETED_DEVICE_FAMILY = "1,2";
			};
			name = Release;
		};
/* End XCBuildConfiguration section */

/* Begin XCConfigurationList section */
		CBB69BC92150616700BBCCC2 /* Build configuration list for PBXProject "MicrobitScratchKit" */ = {
			isa = XCConfigurationList;
			buildConfigurations = (
				CBB69BD52150616800BBCCC2 /* Debug */,
				CBB69BD62150616800BBCCC2 /* Release */,
			);
			defaultConfigurationIsVisible = 0;
			defaultConfigurationName = Release;
		};
		CBB69BD72150616800BBCCC2 /* Build configuration list for PBXNativeTarget "MicrobitScratchKit" */ = {
			isa = XCConfigurationList;
			buildConfigurations = (
				CBB69BD82150616800BBCCC2 /* Debug */,
				CBB69BD92150616800BBCCC2 /* Release */,
			);
			defaultConfigurationIsVisible = 0;
			defaultConfigurationName = Release;
		};
		CBB69BF5215061C500BBCCC2 /* Build configuration list for PBXNativeTarget "iOS Demo" */ = {
			isa = XCConfigurationList;
			buildConfigurations = (
				CBB69BF6215061C500BBCCC2 /* Debug */,
				CBB69BF7215061C500BBCCC2 /* Release */,
			);
			defaultConfigurationIsVisible = 0;
			defaultConfigurationName = Release;
		};
/* End XCConfigurationList section */
	};
	rootObject = CBB69BC62150616700BBCCC2 /* Project object */;
}
